
Microsoft Visual Studio Solution File, Format Version 12.00
# Visual Studio Version 16
VisualStudioVersion = 16.0.29613.14
MinimumVisualStudioVersion = 10.0.40219.1
Project("{9A19103F-16F7-4668-BE54-9A1E7A4F7556}") = "FormulaEvaluator", "FormulaEvaluator\FormulaEvaluator.csproj", "{32F4F3DD-EC62-48E1-A8A7-FB6F66D2FC46}"
EndProject
Project("{9A19103F-16F7-4668-BE54-9A1E7A4F7556}") = "Test_The_Evaluator_Console_App", "Test_The_Evaluator_Console_App\Test_The_Evaluator_Console_App.csproj", "{71BDF2AD-7A37-4A6E-B60D-EE6DD68AB53D}"
EndProject
Project("{9A19103F-16F7-4668-BE54-9A1E7A4F7556}") = "DependencyGraph", "DependencyGraph\DependencyGraph.csproj", "{15094C91-EE8B-4FC6-B49D-3F426DB00BCD}"
EndProject
Project("{9A19103F-16F7-4668-BE54-9A1E7A4F7556}") = "DependencyGraphTests", "DependencyGraphTests\DependencyGraphTests.csproj", "{8D819836-5C8A-4FCA-A4DB-0A3B235F7B01}"
EndProject
Project("{9A19103F-16F7-4668-BE54-9A1E7A4F7556}") = "Formula", "Formula\Formula.csproj", "{6C799E46-74E6-45B9-96F2-5AEC8A89CF67}"
EndProject
Project("{9A19103F-16F7-4668-BE54-9A1E7A4F7556}") = "FormulaTests", "FormulaTests\FormulaTests.csproj", "{9589D472-5B01-4DFB-A46B-2E556B78E05A}"
EndProject
Project("{FAE04EC0-301F-11D3-BF4B-00C04F79EFBC}") = "FormulaEvaluatorTests", "FormulaEvaluatorTests\FormulaEvaluatorTests.csproj", "{97F6ECE0-D047-4C36-8C00-8F1A8F37C9D8}"
EndProject
Global
	GlobalSection(SolutionConfigurationPlatforms) = preSolution
		Debug|Any CPU = Debug|Any CPU
		Release|Any CPU = Release|Any CPU
	EndGlobalSection
	GlobalSection(ProjectConfigurationPlatforms) = postSolution
		{32F4F3DD-EC62-48E1-A8A7-FB6F66D2FC46}.Debug|Any CPU.ActiveCfg = Debug|Any CPU
		{32F4F3DD-EC62-48E1-A8A7-FB6F66D2FC46}.Debug|Any CPU.Build.0 = Debug|Any CPU
		{32F4F3DD-EC62-48E1-A8A7-FB6F66D2FC46}.Release|Any CPU.ActiveCfg = Release|Any CPU
		{32F4F3DD-EC62-48E1-A8A7-FB6F66D2FC46}.Release|Any CPU.Build.0 = Release|Any CPU
		{71BDF2AD-7A37-4A6E-B60D-EE6DD68AB53D}.Debug|Any CPU.ActiveCfg = Debug|Any CPU
		{71BDF2AD-7A37-4A6E-B60D-EE6DD68AB53D}.Debug|Any CPU.Build.0 = Debug|Any CPU
		{71BDF2AD-7A37-4A6E-B60D-EE6DD68AB53D}.Release|Any CPU.ActiveCfg = Release|Any CPU
		{71BDF2AD-7A37-4A6E-B60D-EE6DD68AB53D}.Release|Any CPU.Build.0 = Release|Any CPU
		{15094C91-EE8B-4FC6-B49D-3F426DB00BCD}.Debug|Any CPU.ActiveCfg = Debug|Any CPU
		{15094C91-EE8B-4FC6-B49D-3F426DB00BCD}.Debug|Any CPU.Build.0 = Debug|Any CPU
		{15094C91-EE8B-4FC6-B49D-3F426DB00BCD}.Release|Any CPU.ActiveCfg = Release|Any CPU
		{15094C91-EE8B-4FC6-B49D-3F426DB00BCD}.Release|Any CPU.Build.0 = Release|Any CPU
		{8D819836-5C8A-4FCA-A4DB-0A3B235F7B01}.Debug|Any CPU.ActiveCfg = Debug|Any CPU
		{8D819836-5C8A-4FCA-A4DB-0A3B235F7B01}.Debug|Any CPU.Build.0 = Debug|Any CPU
		{8D819836-5C8A-4FCA-A4DB-0A3B235F7B01}.Release|Any CPU.ActiveCfg = Release|Any CPU
		{8D819836-5C8A-4FCA-A4DB-0A3B235F7B01}.Release|Any CPU.Build.0 = Release|Any CPU
		{6C799E46-74E6-45B9-96F2-5AEC8A89CF67}.Debug|Any CPU.ActiveCfg = Debug|Any CPU
		{6C799E46-74E6-45B9-96F2-5AEC8A89CF67}.Debug|Any CPU.Build.0 = Debug|Any CPU
		{6C799E46-74E6-45B9-96F2-5AEC8A89CF67}.Release|Any CPU.ActiveCfg = Release|Any CPU
		{6C799E46-74E6-45B9-96F2-5AEC8A89CF67}.Release|Any CPU.Build.0 = Release|Any CPU
		{9589D472-5B01-4DFB-A46B-2E556B78E05A}.Debug|Any CPU.ActiveCfg = Debug|Any CPU
		{9589D472-5B01-4DFB-A46B-2E556B78E05A}.Debug|Any CPU.Build.0 = Debug|Any CPU
		{9589D472-5B01-4DFB-A46B-2E556B78E05A}.Release|Any CPU.ActiveCfg = Release|Any CPU
		{9589D472-5B01-4DFB-A46B-2E556B78E05A}.Release|Any CPU.Build.0 = Release|Any CPU
		{97F6ECE0-D047-4C36-8C00-8F1A8F37C9D8}.Debug|Any CPU.ActiveCfg = Debug|Any CPU
		{97F6ECE0-D047-4C36-8C00-8F1A8F37C9D8}.Debug|Any CPU.Build.0 = Debug|Any CPU
		{97F6ECE0-D047-4C36-8C00-8F1A8F37C9D8}.Release|Any CPU.ActiveCfg = Release|Any CPU
		{97F6ECE0-D047-4C36-8C00-8F1A8F37C9D8}.Release|Any CPU.Build.0 = Release|Any CPU
	EndGlobalSection
	GlobalSection(SolutionProperties) = preSolution
		HideSolutionNode = FALSE
	EndGlobalSection
	GlobalSection(ExtensibilityGlobals) = postSolution
		SolutionGuid = {BB388024-2703-435A-8315-658633FBA807}
	EndGlobalSection
EndGlobal
